// !$*UTF8*$!
{
	archiveVersion = 1;
	classes = {
	};
	objectVersion = 48;
	objects = {

/* Begin PBXBuildFile section */
		BD10505A203AA75A0051F0D5 /* AppDelegate.swift in Sources */ = {isa = PBXBuildFile; fileRef = BD105059203AA75A0051F0D5 /* AppDelegate.swift */; };
		BD10505C203AA75A0051F0D5 /* ViewController.swift in Sources */ = {isa = PBXBuildFile; fileRef = BD10505B203AA75A0051F0D5 /* ViewController.swift */; };
		BD10505F203AA75A0051F0D5 /* Main.storyboard in Resources */ = {isa = PBXBuildFile; fileRef = BD10505D203AA75A0051F0D5 /* Main.storyboard */; };
		BD105061203AA75A0051F0D5 /* Assets.xcassets in Resources */ = {isa = PBXBuildFile; fileRef = BD105060203AA75A0051F0D5 /* Assets.xcassets */; };
		BD105064203AA75A0051F0D5 /* LaunchScreen.storyboard in Resources */ = {isa = PBXBuildFile; fileRef = BD105062203AA75A0051F0D5 /* LaunchScreen.storyboard */; };
		BD10506F203AA75A0051F0D5 /* helloword_multiple_schemesTests.swift in Sources */ = {isa = PBXBuildFile; fileRef = BD10506E203AA75A0051F0D5 /* helloword_multiple_schemesTests.swift */; };
/* End PBXBuildFile section */

/* Begin PBXContainerItemProxy section */
		BD10506B203AA75A0051F0D5 /* PBXContainerItemProxy */ = {
			isa = PBXContainerItemProxy;
			containerPortal = BD10504E203AA75A0051F0D5 /* Project object */;
			proxyType = 1;
			remoteGlobalIDString = BD105055203AA75A0051F0D5;
			remoteInfo = "helloword-multiple-schemes";
		};
/* End PBXContainerItemProxy section */

/* Begin PBXFileReference section */
		BD105056203AA75A0051F0D5 /* helloword-multiple-schemes.app */ = {isa = PBXFileReference; explicitFileType = wrapper.application; includeInIndex = 0; path = "helloword-multiple-schemes.app"; sourceTree = BUILT_PRODUCTS_DIR; };
		BD105059203AA75A0051F0D5 /* AppDelegate.swift */ = {isa = PBXFileReference; lastKnownFileType = sourcecode.swift; path = AppDelegate.swift; sourceTree = "<group>"; };
		BD10505B203AA75A0051F0D5 /* ViewController.swift */ = {isa = PBXFileReference; lastKnownFileType = sourcecode.swift; path = ViewController.swift; sourceTree = "<group>"; };
		BD10505E203AA75A0051F0D5 /* Base */ = {isa = PBXFileReference; lastKnownFileType = file.storyboard; name = Base; path = Base.lproj/Main.storyboard; sourceTree = "<group>"; };
		BD105060203AA75A0051F0D5 /* Assets.xcassets */ = {isa = PBXFileReference; lastKnownFileType = folder.assetcatalog; path = Assets.xcassets; sourceTree = "<group>"; };
		BD105063203AA75A0051F0D5 /* Base */ = {isa = PBXFileReference; lastKnownFileType = file.storyboard; name = Base; path = Base.lproj/LaunchScreen.storyboard; sourceTree = "<group>"; };
		BD105065203AA75A0051F0D5 /* Info.plist */ = {isa = PBXFileReference; lastKnownFileType = text.plist.xml; path = Info.plist; sourceTree = "<group>"; };
		BD10506A203AA75A0051F0D5 /* helloword-multiple-schemesTests.xctest */ = {isa = PBXFileReference; explicitFileType = wrapper.cfbundle; includeInIndex = 0; path = "helloword-multiple-schemesTests.xctest"; sourceTree = BUILT_PRODUCTS_DIR; };
		BD10506E203AA75A0051F0D5 /* helloword_multiple_schemesTests.swift */ = {isa = PBXFileReference; lastKnownFileType = sourcecode.swift; path = helloword_multiple_schemesTests.swift; sourceTree = "<group>"; };
		BD105070203AA75A0051F0D5 /* Info.plist */ = {isa = PBXFileReference; lastKnownFileType = text.plist.xml; path = Info.plist; sourceTree = "<group>"; };
/* End PBXFileReference section */

/* Begin PBXFrameworksBuildPhase section */
		BD105053203AA75A0051F0D5 /* Frameworks */ = {
			isa = PBXFrameworksBuildPhase;
			buildActionMask = 2147483647;
			files = (
			);
			runOnlyForDeploymentPostprocessing = 0;
		};
		BD105067203AA75A0051F0D5 /* Frameworks */ = {
			isa = PBXFrameworksBuildPhase;
			buildActionMask = 2147483647;
			files = (
			);
			runOnlyForDeploymentPostprocessing = 0;
		};
/* End PBXFrameworksBuildPhase section */

/* Begin PBXGroup section */
		BD10504D203AA75A0051F0D5 = {
			isa = PBXGroup;
			children = (
				BD105058203AA75A0051F0D5 /* helloword-multiple-schemes */,
				BD10506D203AA75A0051F0D5 /* helloword-multiple-schemesTests */,
				BD105057203AA75A0051F0D5 /* Products */,
			);
			sourceTree = "<group>";
		};
		BD105057203AA75A0051F0D5 /* Products */ = {
			isa = PBXGroup;
			children = (
				BD105056203AA75A0051F0D5 /* helloword-multiple-schemes.app */,
				BD10506A203AA75A0051F0D5 /* helloword-multiple-schemesTests.xctest */,
			);
			name = Products;
			sourceTree = "<group>";
		};
		BD105058203AA75A0051F0D5 /* helloword-multiple-schemes */ = {
			isa = PBXGroup;
			children = (
				BD105059203AA75A0051F0D5 /* AppDelegate.swift */,
				BD10505B203AA75A0051F0D5 /* ViewController.swift */,
				BD10505D203AA75A0051F0D5 /* Main.storyboard */,
				BD105060203AA75A0051F0D5 /* Assets.xcassets */,
				BD105062203AA75A0051F0D5 /* LaunchScreen.storyboard */,
				BD105065203AA75A0051F0D5 /* Info.plist */,
			);
			path = "helloword-multiple-schemes";
			sourceTree = "<group>";
		};
		BD10506D203AA75A0051F0D5 /* helloword-multiple-schemesTests */ = {
			isa = PBXGroup;
			children = (
				BD10506E203AA75A0051F0D5 /* helloword_multiple_schemesTests.swift */,
				BD105070203AA75A0051F0D5 /* Info.plist */,
			);
			path = "helloword-multiple-schemesTests";
			sourceTree = "<group>";
		};
/* End PBXGroup section */

/* Begin PBXNativeTarget section */
		BD105055203AA75A0051F0D5 /* helloword-multiple-schemes */ = {
			isa = PBXNativeTarget;
			buildConfigurationList = BD105073203AA75A0051F0D5 /* Build configuration list for PBXNativeTarget "helloword-multiple-schemes" */;
			buildPhases = (
				BD105052203AA75A0051F0D5 /* Sources */,
				BD105053203AA75A0051F0D5 /* Frameworks */,
				BD105054203AA75A0051F0D5 /* Resources */,
			);
			buildRules = (
			);
			dependencies = (
			);
			name = "helloword-multiple-schemes";
			productName = "helloword-multiple-schemes";
			productReference = BD105056203AA75A0051F0D5 /* helloword-multiple-schemes.app */;
			productType = "com.apple.product-type.application";
		};
		BD105069203AA75A0051F0D5 /* helloword-multiple-schemesTests */ = {
			isa = PBXNativeTarget;
			buildConfigurationList = BD105076203AA75A0051F0D5 /* Build configuration list for PBXNativeTarget "helloword-multiple-schemesTests" */;
			buildPhases = (
				BD105066203AA75A0051F0D5 /* Sources */,
				BD105067203AA75A0051F0D5 /* Frameworks */,
				BD105068203AA75A0051F0D5 /* Resources */,
			);
			buildRules = (
			);
			dependencies = (
				BD10506C203AA75A0051F0D5 /* PBXTargetDependency */,
			);
			name = "helloword-multiple-schemesTests";
			productName = "helloword-multiple-schemesTests";
			productReference = BD10506A203AA75A0051F0D5 /* helloword-multiple-schemesTests.xctest */;
			productType = "com.apple.product-type.bundle.unit-test";
		};
/* End PBXNativeTarget section */

/* Begin PBXProject section */
		BD10504E203AA75A0051F0D5 /* Project object */ = {
			isa = PBXProject;
			attributes = {
				LastSwiftUpdateCheck = 0920;
				LastUpgradeCheck = 0920;
				ORGANIZATIONNAME = qnoid;
				TargetAttributes = {
					BD105055203AA75A0051F0D5 = {
						CreatedOnToolsVersion = 9.2;
						ProvisioningStyle = Automatic;
					};
					BD105069203AA75A0051F0D5 = {
						CreatedOnToolsVersion = 9.2;
						ProvisioningStyle = Automatic;
						TestTargetID = BD105055203AA75A0051F0D5;
					};
				};
			};
			buildConfigurationList = BD105051203AA75A0051F0D5 /* Build configuration list for PBXProject "helloword-multiple-schemes" */;
			compatibilityVersion = "Xcode 8.0";
			developmentRegion = en;
			hasScannedForEncodings = 0;
			knownRegions = (
				en,
				Base,
			);
			mainGroup = BD10504D203AA75A0051F0D5;
			productRefGroup = BD105057203AA75A0051F0D5 /* Products */;
			projectDirPath = "";
			projectRoot = "";
			targets = (
				BD105055203AA75A0051F0D5 /* helloword-multiple-schemes */,
				BD105069203AA75A0051F0D5 /* helloword-multiple-schemesTests */,
			);
		};
/* End PBXProject section */

/* Begin PBXResourcesBuildPhase section */
		BD105054203AA75A0051F0D5 /* Resources */ = {
			isa = PBXResourcesBuildPhase;
			buildActionMask = 2147483647;
			files = (
				BD105064203AA75A0051F0D5 /* LaunchScreen.storyboard in Resources */,
				BD105061203AA75A0051F0D5 /* Assets.xcassets in Resources */,
				BD10505F203AA75A0051F0D5 /* Main.storyboard in Resources */,
			);
			runOnlyForDeploymentPostprocessing = 0;
		};
		BD105068203AA75A0051F0D5 /* Resources */ = {
			isa = PBXResourcesBuildPhase;
			buildActionMask = 2147483647;
			files = (
			);
			runOnlyForDeploymentPostprocessing = 0;
		};
/* End PBXResourcesBuildPhase section */

/* Begin PBXSourcesBuildPhase section */
		BD105052203AA75A0051F0D5 /* Sources */ = {
			isa = PBXSourcesBuildPhase;
			buildActionMask = 2147483647;
			files = (
				BD10505C203AA75A0051F0D5 /* ViewController.swift in Sources */,
				BD10505A203AA75A0051F0D5 /* AppDelegate.swift in Sources */,
			);
			runOnlyForDeploymentPostprocessing = 0;
		};
		BD105066203AA75A0051F0D5 /* Sources */ = {
			isa = PBXSourcesBuildPhase;
			buildActionMask = 2147483647;
			files = (
				BD10506F203AA75A0051F0D5 /* helloword_multiple_schemesTests.swift in Sources */,
			);
			runOnlyForDeploymentPostprocessing = 0;
		};
/* End PBXSourcesBuildPhase section */

/* Begin PBXTargetDependency section */
		BD10506C203AA75A0051F0D5 /* PBXTargetDependency */ = {
			isa = PBXTargetDependency;
			target = BD105055203AA75A0051F0D5 /* helloword-multiple-schemes */;
			targetProxy = BD10506B203AA75A0051F0D5 /* PBXContainerItemProxy */;
		};
/* End PBXTargetDependency section */

/* Begin PBXVariantGroup section */
		BD10505D203AA75A0051F0D5 /* Main.storyboard */ = {
			isa = PBXVariantGroup;
			children = (
				BD10505E203AA75A0051F0D5 /* Base */,
			);
			name = Main.storyboard;
			sourceTree = "<group>";
		};
		BD105062203AA75A0051F0D5 /* LaunchScreen.storyboard */ = {
			isa = PBXVariantGroup;
			children = (
				BD105063203AA75A0051F0D5 /* Base */,
			);
			name = LaunchScreen.storyboard;
			sourceTree = "<group>";
		};
/* End PBXVariantGroup section */

/* Begin XCBuildConfiguration section */
		BD105071203AA75A0051F0D5 /* Debug */ = {
			isa = XCBuildConfiguration;
			buildSettings = {
				ALWAYS_SEARCH_USER_PATHS = NO;
				CLANG_ANALYZER_NONNULL = YES;
				CLANG_ANALYZER_NUMBER_OBJECT_CONVERSION = YES_AGGRESSIVE;
				CLANG_CXX_LANGUAGE_STANDARD = "gnu++14";
				CLANG_CXX_LIBRARY = "libc++";
				CLANG_ENABLE_MODULES = YES;
				CLANG_ENABLE_OBJC_ARC = YES;
				CLANG_WARN_BLOCK_CAPTURE_AUTORELEASING = YES;
				CLANG_WARN_BOOL_CONVERSION = YES;
				CLANG_WARN_COMMA = YES;
				CLANG_WARN_CONSTANT_CONVERSION = YES;
				CLANG_WARN_DIRECT_OBJC_ISA_USAGE = YES_ERROR;
				CLANG_WARN_DOCUMENTATION_COMMENTS = YES;
				CLANG_WARN_EMPTY_BODY = YES;
				CLANG_WARN_ENUM_CONVERSION = YES;
				CLANG_WARN_INFINITE_RECURSION = YES;
				CLANG_WARN_INT_CONVERSION = YES;
				CLANG_WARN_NON_LITERAL_NULL_CONVERSION = YES;
				CLANG_WARN_OBJC_LITERAL_CONVERSION = YES;
				CLANG_WARN_OBJC_ROOT_CLASS = YES_ERROR;
				CLANG_WARN_RANGE_LOOP_ANALYSIS = YES;
				CLANG_WARN_STRICT_PROTOTYPES = YES;
				CLANG_WARN_SUSPICIOUS_MOVE = YES;
				CLANG_WARN_UNGUARDED_AVAILABILITY = YES_AGGRESSIVE;
				CLANG_WARN_UNREACHABLE_CODE = YES;
				CLANG_WARN__DUPLICATE_METHOD_MATCH = YES;
				CODE_SIGN_IDENTITY = "iPhone Developer";
				COPY_PHASE_STRIP = NO;
				DEBUG_INFORMATION_FORMAT = dwarf;
				ENABLE_STRICT_OBJC_MSGSEND = YES;
				ENABLE_TESTABILITY = YES;
				GCC_C_LANGUAGE_STANDARD = gnu11;
				GCC_DYNAMIC_NO_PIC = NO;
				GCC_NO_COMMON_BLOCKS = YES;
				GCC_OPTIMIZATION_LEVEL = 0;
				GCC_PREPROCESSOR_DEFINITIONS = (
					"DEBUG=1",
					"$(inherited)",
				);
				GCC_WARN_64_TO_32_BIT_CONVERSION = YES;
				GCC_WARN_ABOUT_RETURN_TYPE = YES_ERROR;
				GCC_WARN_UNDECLARED_SELECTOR = YES;
				GCC_WARN_UNINITIALIZED_AUTOS = YES_AGGRESSIVE;
				GCC_WARN_UNUSED_FUNCTION = YES;
				GCC_WARN_UNUSED_VARIABLE = YES;
				IPHONEOS_DEPLOYMENT_TARGET = 11.2;
				MTL_ENABLE_DEBUG_INFO = YES;
				ONLY_ACTIVE_ARCH = YES;
				SDKROOT = iphoneos;
				SWIFT_ACTIVE_COMPILATION_CONDITIONS = DEBUG;
				SWIFT_OPTIMIZATION_LEVEL = "-Onone";
			};
			name = Debug;
		};
		BD105072203AA75A0051F0D5 /* Release */ = {
			isa = XCBuildConfiguration;
			buildSettings = {
				ALWAYS_SEARCH_USER_PATHS = NO;
				CLANG_ANALYZER_NONNULL = YES;
				CLANG_ANALYZER_NUMBER_OBJECT_CONVERSION = YES_AGGRESSIVE;
				CLANG_CXX_LANGUAGE_STANDARD = "gnu++14";
				CLANG_CXX_LIBRARY = "libc++";
				CLANG_ENABLE_MODULES = YES;
				CLANG_ENABLE_OBJC_ARC = YES;
				CLANG_WARN_BLOCK_CAPTURE_AUTORELEASING = YES;
				CLANG_WARN_BOOL_CONVERSION = YES;
				CLANG_WARN_COMMA = YES;
				CLANG_WARN_CONSTANT_CONVERSION = YES;
				CLANG_WARN_DIRECT_OBJC_ISA_USAGE = YES_ERROR;
				CLANG_WARN_DOCUMENTATION_COMMENTS = YES;
				CLANG_WARN_EMPTY_BODY = YES;
				CLANG_WARN_ENUM_CONVERSION = YES;
				CLANG_WARN_INFINITE_RECURSION = YES;
				CLANG_WARN_INT_CONVERSION = YES;
				CLANG_WARN_NON_LITERAL_NULL_CONVERSION = YES;
				CLANG_WARN_OBJC_LITERAL_CONVERSION = YES;
				CLANG_WARN_OBJC_ROOT_CLASS = YES_ERROR;
				CLANG_WARN_RANGE_LOOP_ANALYSIS = YES;
				CLANG_WARN_STRICT_PROTOTYPES = YES;
				CLANG_WARN_SUSPICIOUS_MOVE = YES;
				CLANG_WARN_UNGUARDED_AVAILABILITY = YES_AGGRESSIVE;
				CLANG_WARN_UNREACHABLE_CODE = YES;
				CLANG_WARN__DUPLICATE_METHOD_MATCH = YES;
				CODE_SIGN_IDENTITY = "iPhone Developer";
				COPY_PHASE_STRIP = NO;
				DEBUG_INFORMATION_FORMAT = "dwarf-with-dsym";
				ENABLE_NS_ASSERTIONS = NO;
				ENABLE_STRICT_OBJC_MSGSEND = YES;
				GCC_C_LANGUAGE_STANDARD = gnu11;
				GCC_NO_COMMON_BLOCKS = YES;
				GCC_WARN_64_TO_32_BIT_CONVERSION = YES;
				GCC_WARN_ABOUT_RETURN_TYPE = YES_ERROR;
				GCC_WARN_UNDECLARED_SELECTOR = YES;
				GCC_WARN_UNINITIALIZED_AUTOS = YES_AGGRESSIVE;
				GCC_WARN_UNUSED_FUNCTION = YES;
				GCC_WARN_UNUSED_VARIABLE = YES;
				IPHONEOS_DEPLOYMENT_TARGET = 11.2;
				MTL_ENABLE_DEBUG_INFO = NO;
				SDKROOT = iphoneos;
				SWIFT_OPTIMIZATION_LEVEL = "-Owholemodule";
				VALIDATE_PRODUCT = YES;
			};
			name = Release;
		};
		BD105074203AA75A0051F0D5 /* Debug */ = {
			isa = XCBuildConfiguration;
			buildSettings = {
				ASSETCATALOG_COMPILER_APPICON_NAME = AppIcon;
				CODE_SIGN_STYLE = Automatic;
				DEVELOPMENT_TEAM = AQ2US2UQQ7;
				INFOPLIST_FILE = "helloword-multiple-schemes/Info.plist";
				LD_RUNPATH_SEARCH_PATHS = "$(inherited) @executable_path/Frameworks";
				PRODUCT_BUNDLE_IDENTIFIER = "com.qnoid.helloword-multiple-schemes";
				PRODUCT_NAME = "$(TARGET_NAME)";
				SWIFT_VERSION = 4.0;
				TARGETED_DEVICE_FAMILY = "1,2";
			};
			name = Debug;
		};
		BD105075203AA75A0051F0D5 /* Release */ = {
			isa = XCBuildConfiguration;
			buildSettings = {
				ASSETCATALOG_COMPILER_APPICON_NAME = AppIcon;
				CODE_SIGN_STYLE = Automatic;
				DEVELOPMENT_TEAM = AQ2US2UQQ7;
				INFOPLIST_FILE = "helloword-multiple-schemes/Info.plist";
				LD_RUNPATH_SEARCH_PATHS = "$(inherited) @executable_path/Frameworks";
				PRODUCT_BUNDLE_IDENTIFIER = "com.qnoid.helloword-multiple-schemes";
				PRODUCT_NAME = "$(TARGET_NAME)";
				SWIFT_VERSION = 4.0;
				TARGETED_DEVICE_FAMILY = "1,2";
			};
			name = Release;
		};
		BD105077203AA75A0051F0D5 /* Debug */ = {
			isa = XCBuildConfiguration;
			buildSettings = {
				ALWAYS_EMBED_SWIFT_STANDARD_LIBRARIES = YES;
				BUNDLE_LOADER = "$(TEST_HOST)";
				CODE_SIGN_STYLE = Automatic;
				DEVELOPMENT_TEAM = AQ2US2UQQ7;
				INFOPLIST_FILE = "helloword-multiple-schemesTests/Info.plist";
				LD_RUNPATH_SEARCH_PATHS = "$(inherited) @executable_path/Frameworks @loader_path/Frameworks";
				PRODUCT_BUNDLE_IDENTIFIER = "com.qnoid.helloword-multiple-schemesTests";
				PRODUCT_NAME = "$(TARGET_NAME)";
				SWIFT_VERSION = 4.0;
				TARGETED_DEVICE_FAMILY = "1,2";
				TEST_HOST = "$(BUILT_PRODUCTS_DIR)/helloword-multiple-schemes.app/helloword-multiple-schemes";
			};
			name = Debug;
		};
		BD105078203AA75A0051F0D5 /* Release */ = {
			isa = XCBuildConfiguration;
			buildSettings = {
				ALWAYS_EMBED_SWIFT_STANDARD_LIBRARIES = YES;
				BUNDLE_LOADER = "$(TEST_HOST)";
				CODE_SIGN_STYLE = Automatic;
				DEVELOPMENT_TEAM = AQ2US2UQQ7;
				INFOPLIST_FILE = "helloword-multiple-schemesTests/Info.plist";
				LD_RUNPATH_SEARCH_PATHS = "$(inherited) @executable_path/Frameworks @loader_path/Frameworks";
				PRODUCT_BUNDLE_IDENTIFIER = "com.qnoid.helloword-multiple-schemesTests";
				PRODUCT_NAME = "$(TARGET_NAME)";
				SWIFT_VERSION = 4.0;
				TARGETED_DEVICE_FAMILY = "1,2";
				TEST_HOST = "$(BUILT_PRODUCTS_DIR)/helloword-multiple-schemes.app/helloword-multiple-schemes";
			};
			name = Release;
		};
/* End XCBuildConfiguration section */

/* Begin XCConfigurationList section */
		BD105051203AA75A0051F0D5 /* Build configuration list for PBXProject "helloword-multiple-schemes" */ = {
			isa = XCConfigurationList;
			buildConfigurations = (
				BD105071203AA75A0051F0D5 /* Debug */,
				BD105072203AA75A0051F0D5 /* Release */,
			);
			defaultConfigurationIsVisible = 0;
			defaultConfigurationName = Release;
		};
		BD105073203AA75A0051F0D5 /* Build configuration list for PBXNativeTarget "helloword-multiple-schemes" */ = {
			isa = XCConfigurationList;
			buildConfigurations = (
				BD105074203AA75A0051F0D5 /* Debug */,
				BD105075203AA75A0051F0D5 /* Release */,
			);
			defaultConfigurationIsVisible = 0;
			defaultConfigurationName = Release;
		};
		BD105076203AA75A0051F0D5 /* Build configuration list for PBXNativeTarget "helloword-multiple-schemesTests" */ = {
			isa = XCConfigurationList;
			buildConfigurations = (
				BD105077203AA75A0051F0D5 /* Debug */,
				BD105078203AA75A0051F0D5 /* Release */,
			);
			defaultConfigurationIsVisible = 0;
			defaultConfigurationName = Release;
		};
/* End XCConfigurationList section */
	};
	rootObject = BD10504E203AA75A0051F0D5 /* Project object */;
}
